// !$*UTF8*$!
{
	archiveVersion = 1;
	classes = {
	};
	objectVersion = 50;
	objects = {

/* Begin PBXBuildFile section */
		545594FF24FD318000C00229 /* CalorieApp.swift in Sources */ = {isa = PBXBuildFile; fileRef = 545594FE24FD318000C00229 /* CalorieApp.swift */; };
		5455950124FD318000C00229 /* ContentView.swift in Sources */ = {isa = PBXBuildFile; fileRef = 5455950024FD318000C00229 /* ContentView.swift */; };
		5455950324FD318200C00229 /* Assets.xcassets in Resources */ = {isa = PBXBuildFile; fileRef = 5455950224FD318200C00229 /* Assets.xcassets */; };
		5455950624FD318200C00229 /* Preview Assets.xcassets in Resources */ = {isa = PBXBuildFile; fileRef = 5455950524FD318200C00229 /* Preview Assets.xcassets */; };
		5455951024FD324000C00229 /* TitleCard.swift in Sources */ = {isa = PBXBuildFile; fileRef = 5455950F24FD324000C00229 /* TitleCard.swift */; };
		5455951224FD324900C00229 /* NextButton.swift in Sources */ = {isa = PBXBuildFile; fileRef = 5455951124FD324900C00229 /* NextButton.swift */; };
		54AC107024FD3927006951AD /* CardBackground.swift in Sources */ = {isa = PBXBuildFile; fileRef = 54AC106F24FD3927006951AD /* CardBackground.swift */; };
		54AC107224FD398B006951AD /* CardLabel.swift in Sources */ = {isa = PBXBuildFile; fileRef = 54AC107124FD398B006951AD /* CardLabel.swift */; };
		54AC107424FD3BB8006951AD /* GenderCard.swift in Sources */ = {isa = PBXBuildFile; fileRef = 54AC107324FD3BB8006951AD /* GenderCard.swift */; };
		54AC107624FD3C08006951AD /* AgeCard.swift in Sources */ = {isa = PBXBuildFile; fileRef = 54AC107524FD3C08006951AD /* AgeCard.swift */; };
		54AC107824FD3C12006951AD /* HeightCard.swift in Sources */ = {isa = PBXBuildFile; fileRef = 54AC107724FD3C12006951AD /* HeightCard.swift */; };
		54AC107A24FD3C1B006951AD /* WeightCard.swift in Sources */ = {isa = PBXBuildFile; fileRef = 54AC107924FD3C1B006951AD /* WeightCard.swift */; };
		54AC107C24FD3C24006951AD /* ResultCard.swift in Sources */ = {isa = PBXBuildFile; fileRef = 54AC107B24FD3C24006951AD /* ResultCard.swift */; };
		54AC107E24FD4038006951AD /* Gender.swift in Sources */ = {isa = PBXBuildFile; fileRef = 54AC107D24FD4038006951AD /* Gender.swift */; };
		54AC108024FD4086006951AD /* CalorieModel.swift in Sources */ = {isa = PBXBuildFile; fileRef = 54AC107F24FD4086006951AD /* CalorieModel.swift */; };
/* End PBXBuildFile section */

/* Begin PBXFileReference section */
		545594FB24FD318000C00229 /* Calorie.app */ = {isa = PBXFileReference; explicitFileType = wrapper.application; includeInIndex = 0; path = Calorie.app; sourceTree = BUILT_PRODUCTS_DIR; };
		545594FE24FD318000C00229 /* CalorieApp.swift */ = {isa = PBXFileReference; lastKnownFileType = sourcecode.swift; path = CalorieApp.swift; sourceTree = "<group>"; };
		5455950024FD318000C00229 /* ContentView.swift */ = {isa = PBXFileReference; lastKnownFileType = sourcecode.swift; path = ContentView.swift; sourceTree = "<group>"; };
		5455950224FD318200C00229 /* Assets.xcassets */ = {isa = PBXFileReference; lastKnownFileType = folder.assetcatalog; path = Assets.xcassets; sourceTree = "<group>"; };
		5455950524FD318200C00229 /* Preview Assets.xcassets */ = {isa = PBXFileReference; lastKnownFileType = folder.assetcatalog; path = "Preview Assets.xcassets"; sourceTree = "<group>"; };
		5455950724FD318200C00229 /* Info.plist */ = {isa = PBXFileReference; lastKnownFileType = text.plist.xml; path = Info.plist; sourceTree = "<group>"; };
		5455950F24FD324000C00229 /* TitleCard.swift */ = {isa = PBXFileReference; lastKnownFileType = sourcecode.swift; path = TitleCard.swift; sourceTree = "<group>"; };
		5455951124FD324900C00229 /* NextButton.swift */ = {isa = PBXFileReference; lastKnownFileType = sourcecode.swift; path = NextButton.swift; sourceTree = "<group>"; };
		54AC106F24FD3927006951AD /* CardBackground.swift */ = {isa = PBXFileReference; lastKnownFileType = sourcecode.swift; path = CardBackground.swift; sourceTree = "<group>"; };
		54AC107124FD398B006951AD /* CardLabel.swift */ = {isa = PBXFileReference; lastKnownFileType = sourcecode.swift; path = CardLabel.swift; sourceTree = "<group>"; };
		54AC107324FD3BB8006951AD /* GenderCard.swift */ = {isa = PBXFileReference; lastKnownFileType = sourcecode.swift; path = GenderCard.swift; sourceTree = "<group>"; };
		54AC107524FD3C08006951AD /* AgeCard.swift */ = {isa = PBXFileReference; lastKnownFileType = sourcecode.swift; path = AgeCard.swift; sourceTree = "<group>"; };
		54AC107724FD3C12006951AD /* HeightCard.swift */ = {isa = PBXFileReference; lastKnownFileType = sourcecode.swift; path = HeightCard.swift; sourceTree = "<group>"; };
		54AC107924FD3C1B006951AD /* WeightCard.swift */ = {isa = PBXFileReference; lastKnownFileType = sourcecode.swift; path = WeightCard.swift; sourceTree = "<group>"; };
		54AC107B24FD3C24006951AD /* ResultCard.swift */ = {isa = PBXFileReference; lastKnownFileType = sourcecode.swift; path = ResultCard.swift; sourceTree = "<group>"; };
		54AC107D24FD4038006951AD /* Gender.swift */ = {isa = PBXFileReference; lastKnownFileType = sourcecode.swift; path = Gender.swift; sourceTree = "<group>"; };
		54AC107F24FD4086006951AD /* CalorieModel.swift */ = {isa = PBXFileReference; lastKnownFileType = sourcecode.swift; path = CalorieModel.swift; sourceTree = "<group>"; };
/* End PBXFileReference section */

/* Begin PBXFrameworksBuildPhase section */
		545594F824FD318000C00229 /* Frameworks */ = {
			isa = PBXFrameworksBuildPhase;
			buildActionMask = 2147483647;
			files = (
			);
			runOnlyForDeploymentPostprocessing = 0;
		};
/* End PBXFrameworksBuildPhase section */

/* Begin PBXGroup section */
		545594F224FD318000C00229 = {
			isa = PBXGroup;
			children = (
				545594FD24FD318000C00229 /* Calorie */,
				545594FC24FD318000C00229 /* Products */,
			);
			sourceTree = "<group>";
		};
		545594FC24FD318000C00229 /* Products */ = {
			isa = PBXGroup;
			children = (
				545594FB24FD318000C00229 /* Calorie.app */,
			);
			name = Products;
			sourceTree = "<group>";
		};
		545594FD24FD318000C00229 /* Calorie */ = {
			isa = PBXGroup;
			children = (
				545594FE24FD318000C00229 /* CalorieApp.swift */,
				5455950E24FD31E600C00229 /* Models */,
				5455950D24FD31DA00C00229 /* Views */,
				5455950224FD318200C00229 /* Assets.xcassets */,
				5455950724FD318200C00229 /* Info.plist */,
				5455950424FD318200C00229 /* Preview Content */,
			);
			path = Calorie;
			sourceTree = "<group>";
		};
		5455950424FD318200C00229 /* Preview Content */ = {
			isa = PBXGroup;
			children = (
				5455950524FD318200C00229 /* Preview Assets.xcassets */,
			);
			path = "Preview Content";
			sourceTree = "<group>";
		};
		5455950D24FD31DA00C00229 /* Views */ = {
			isa = PBXGroup;
			children = (
				5455950024FD318000C00229 /* ContentView.swift */,
				5455950F24FD324000C00229 /* TitleCard.swift */,
				54AC106F24FD3927006951AD /* CardBackground.swift */,
				54AC107324FD3BB8006951AD /* GenderCard.swift */,
				54AC107524FD3C08006951AD /* AgeCard.swift */,
				54AC107724FD3C12006951AD /* HeightCard.swift */,
				54AC107924FD3C1B006951AD /* WeightCard.swift */,
				54AC107B24FD3C24006951AD /* ResultCard.swift */,
				54AC107124FD398B006951AD /* CardLabel.swift */,
				5455951124FD324900C00229 /* NextButton.swift */,
			);
			name = Views;
			sourceTree = "<group>";
		};
		5455950E24FD31E600C00229 /* Models */ = {
			isa = PBXGroup;
			children = (
				54AC107D24FD4038006951AD /* Gender.swift */,
				54AC107F24FD4086006951AD /* CalorieModel.swift */,
			);
			name = Models;
			sourceTree = "<group>";
		};
/* End PBXGroup section */

/* Begin PBXNativeTarget section */
		545594FA24FD318000C00229 /* Calorie */ = {
			isa = PBXNativeTarget;
			buildConfigurationList = 5455950A24FD318200C00229 /* Build configuration list for PBXNativeTarget "Calorie" */;
			buildPhases = (
				545594F724FD318000C00229 /* Sources */,
				545594F824FD318000C00229 /* Frameworks */,
				545594F924FD318000C00229 /* Resources */,
			);
			buildRules = (
			);
			dependencies = (
			);
			name = Calorie;
			productName = Calorie;
			productReference = 545594FB24FD318000C00229 /* Calorie.app */;
			productType = "com.apple.product-type.application";
		};
/* End PBXNativeTarget section */

/* Begin PBXProject section */
		545594F324FD318000C00229 /* Project object */ = {
			isa = PBXProject;
			attributes = {
				LastSwiftUpdateCheck = 1200;
				LastUpgradeCheck = 1200;
				TargetAttributes = {
					545594FA24FD318000C00229 = {
						CreatedOnToolsVersion = 12.0;
					};
				};
			};
			buildConfigurationList = 545594F624FD318000C00229 /* Build configuration list for PBXProject "Calorie" */;
			compatibilityVersion = "Xcode 9.3";
			developmentRegion = en;
			hasScannedForEncodings = 0;
			knownRegions = (
				en,
				Base,
			);
			mainGroup = 545594F224FD318000C00229;
			productRefGroup = 545594FC24FD318000C00229 /* Products */;
			projectDirPath = "";
			projectRoot = "";
			targets = (
				545594FA24FD318000C00229 /* Calorie */,
			);
		};
/* End PBXProject section */

/* Begin PBXResourcesBuildPhase section */
		545594F924FD318000C00229 /* Resources */ = {
			isa = PBXResourcesBuildPhase;
			buildActionMask = 2147483647;
			files = (
				5455950624FD318200C00229 /* Preview Assets.xcassets in Resources */,
				5455950324FD318200C00229 /* Assets.xcassets in Resources */,
			);
			runOnlyForDeploymentPostprocessing = 0;
		};
/* End PBXResourcesBuildPhase section */

/* Begin PBXSourcesBuildPhase section */
		545594F724FD318000C00229 /* Sources */ = {
			isa = PBXSourcesBuildPhase;
			buildActionMask = 2147483647;
			files = (
				54AC107E24FD4038006951AD /* Gender.swift in Sources */,
				54AC107824FD3C12006951AD /* HeightCard.swift in Sources */,
				5455950124FD318000C00229 /* ContentView.swift in Sources */,
				54AC107424FD3BB8006951AD /* GenderCard.swift in Sources */,
				54AC108024FD4086006951AD /* CalorieModel.swift in Sources */,
				545594FF24FD318000C00229 /* CalorieApp.swift in Sources */,
				54AC107224FD398B006951AD /* CardLabel.swift in Sources */,
				5455951224FD324900C00229 /* NextButton.swift in Sources */,
				5455951024FD324000C00229 /* TitleCard.swift in Sources */,
				54AC107C24FD3C24006951AD /* ResultCard.swift in Sources */,
				54AC107A24FD3C1B006951AD /* WeightCard.swift in Sources */,
				54AC107024FD3927006951AD /* CardBackground.swift in Sources */,
				54AC107624FD3C08006951AD /* AgeCard.swift in Sources */,
			);
			runOnlyForDeploymentPostprocessing = 0;
		};
/* End PBXSourcesBuildPhase section */

/* Begin XCBuildConfiguration section */
		5455950824FD318200C00229 /* Debug */ = {
			isa = XCBuildConfiguration;
			buildSettings = {
				ALWAYS_SEARCH_USER_PATHS = NO;
				CLANG_ANALYZER_NONNULL = YES;
				CLANG_ANALYZER_NUMBER_OBJECT_CONVERSION = YES_AGGRESSIVE;
				CLANG_CXX_LANGUAGE_STANDARD = "gnu++14";
				CLANG_CXX_LIBRARY = "libc++";
				CLANG_ENABLE_MODULES = YES;
				CLANG_ENABLE_OBJC_ARC = YES;
				CLANG_ENABLE_OBJC_WEAK = YES;
				CLANG_WARN_BLOCK_CAPTURE_AUTORELEASING = YES;
				CLANG_WARN_BOOL_CONVERSION = YES;
				CLANG_WARN_COMMA = YES;
				CLANG_WARN_CONSTANT_CONVERSION = YES;
				CLANG_WARN_DEPRECATED_OBJC_IMPLEMENTATIONS = YES;
				CLANG_WARN_DIRECT_OBJC_ISA_USAGE = YES_ERROR;
				CLANG_WARN_DOCUMENTATION_COMMENTS = YES;
				CLANG_WARN_EMPTY_BODY = YES;
				CLANG_WARN_ENUM_CONVERSION = YES;
				CLANG_WARN_INFINITE_RECURSION = YES;
				CLANG_WARN_INT_CONVERSION = YES;
				CLANG_WARN_NON_LITERAL_NULL_CONVERSION = YES;
				CLANG_WARN_OBJC_IMPLICIT_RETAIN_SELF = YES;
				CLANG_WARN_OBJC_LITERAL_CONVERSION = YES;
				CLANG_WARN_OBJC_ROOT_CLASS = YES_ERROR;
				CLANG_WARN_QUOTED_INCLUDE_IN_FRAMEWORK_HEADER = YES;
				CLANG_WARN_RANGE_LOOP_ANALYSIS = YES;
				CLANG_WARN_STRICT_PROTOTYPES = YES;
				CLANG_WARN_SUSPICIOUS_MOVE = YES;
				CLANG_WARN_UNGUARDED_AVAILABILITY = YES_AGGRESSIVE;
				CLANG_WARN_UNREACHABLE_CODE = YES;
				CLANG_WARN__DUPLICATE_METHOD_MATCH = YES;
				COPY_PHASE_STRIP = NO;
				DEBUG_INFORMATION_FORMAT = dwarf;
				ENABLE_STRICT_OBJC_MSGSEND = YES;
				ENABLE_TESTABILITY = YES;
				GCC_C_LANGUAGE_STANDARD = gnu11;
				GCC_DYNAMIC_NO_PIC = NO;
				GCC_NO_COMMON_BLOCKS = YES;
				GCC_OPTIMIZATION_LEVEL = 0;
				GCC_PREPROCESSOR_DEFINITIONS = (
					"DEBUG=1",
					"$(inherited)",
				);
				GCC_WARN_64_TO_32_BIT_CONVERSION = YES;
				GCC_WARN_ABOUT_RETURN_TYPE = YES_ERROR;
				GCC_WARN_UNDECLARED_SELECTOR = YES;
				GCC_WARN_UNINITIALIZED_AUTOS = YES_AGGRESSIVE;
				GCC_WARN_UNUSED_FUNCTION = YES;
				GCC_WARN_UNUSED_VARIABLE = YES;
				IPHONEOS_DEPLOYMENT_TARGET = 14.0;
				MTL_ENABLE_DEBUG_INFO = INCLUDE_SOURCE;
				MTL_FAST_MATH = YES;
				ONLY_ACTIVE_ARCH = YES;
				SDKROOT = iphoneos;
				SWIFT_ACTIVE_COMPILATION_CONDITIONS = DEBUG;
				SWIFT_OPTIMIZATION_LEVEL = "-Onone";
			};
			name = Debug;
		};
		5455950924FD318200C00229 /* Release */ = {
			isa = XCBuildConfiguration;
			buildSettings = {
				ALWAYS_SEARCH_USER_PATHS = NO;
				CLANG_ANALYZER_NONNULL = YES;
				CLANG_ANALYZER_NUMBER_OBJECT_CONVERSION = YES_AGGRESSIVE;
				CLANG_CXX_LANGUAGE_STANDARD = "gnu++14";
				CLANG_CXX_LIBRARY = "libc++";
				CLANG_ENABLE_MODULES = YES;
				CLANG_ENABLE_OBJC_ARC = YES;
				CLANG_ENABLE_OBJC_WEAK = YES;
				CLANG_WARN_BLOCK_CAPTURE_AUTORELEASING = YES;
				CLANG_WARN_BOOL_CONVERSION = YES;
				CLANG_WARN_COMMA = YES;
				CLANG_WARN_CONSTANT_CONVERSION = YES;
				CLANG_WARN_DEPRECATED_OBJC_IMPLEMENTATIONS = YES;
				CLANG_WARN_DIRECT_OBJC_ISA_USAGE = YES_ERROR;
				CLANG_WARN_DOCUMENTATION_COMMENTS = YES;
				CLANG_WARN_EMPTY_BODY = YES;
				CLANG_WARN_ENUM_CONVERSION = YES;
				CLANG_WARN_INFINITE_RECURSION = YES;
				CLANG_WARN_INT_CONVERSION = YES;
				CLANG_WARN_NON_LITERAL_NULL_CONVERSION = YES;
				CLANG_WARN_OBJC_IMPLICIT_RETAIN_SELF = YES;
				CLANG_WARN_OBJC_LITERAL_CONVERSION = YES;
				CLANG_WARN_OBJC_ROOT_CLASS = YES_ERROR;
				CLANG_WARN_QUOTED_INCLUDE_IN_FRAMEWORK_HEADER = YES;
				CLANG_WARN_RANGE_LOOP_ANALYSIS = YES;
				CLANG_WARN_STRICT_PROTOTYPES = YES;
				CLANG_WARN_SUSPICIOUS_MOVE = YES;
				CLANG_WARN_UNGUARDED_AVAILABILITY = YES_AGGRESSIVE;
				CLANG_WARN_UNREACHABLE_CODE = YES;
				CLANG_WARN__DUPLICATE_METHOD_MATCH = YES;
				COPY_PHASE_STRIP = NO;
				DEBUG_INFORMATION_FORMAT = "dwarf-with-dsym";
				ENABLE_NS_ASSERTIONS = NO;
				ENABLE_STRICT_OBJC_MSGSEND = YES;
				GCC_C_LANGUAGE_STANDARD = gnu11;
				GCC_NO_COMMON_BLOCKS = YES;
				GCC_WARN_64_TO_32_BIT_CONVERSION = YES;
				GCC_WARN_ABOUT_RETURN_TYPE = YES_ERROR;
				GCC_WARN_UNDECLARED_SELECTOR = YES;
				GCC_WARN_UNINITIALIZED_AUTOS = YES_AGGRESSIVE;
				GCC_WARN_UNUSED_FUNCTION = YES;
				GCC_WARN_UNUSED_VARIABLE = YES;
				IPHONEOS_DEPLOYMENT_TARGET = 14.0;
				MTL_ENABLE_DEBUG_INFO = NO;
				MTL_FAST_MATH = YES;
				SDKROOT = iphoneos;
				SWIFT_COMPILATION_MODE = wholemodule;
				SWIFT_OPTIMIZATION_LEVEL = "-O";
				VALIDATE_PRODUCT = YES;
			};
			name = Release;
		};
		5455950B24FD318200C00229 /* Debug */ = {
			isa = XCBuildConfiguration;
			buildSettings = {
				ASSETCATALOG_COMPILER_APPICON_NAME = AppIcon;
				ASSETCATALOG_COMPILER_GLOBAL_ACCENT_COLOR_NAME = AccentColor;
				CODE_SIGN_STYLE = Automatic;
				DEVELOPMENT_ASSET_PATHS = "\"Calorie/Preview Content\"";
				ENABLE_PREVIEWS = YES;
				INFOPLIST_FILE = Calorie/Info.plist;
				IPHONEOS_DEPLOYMENT_TARGET = 14.0;
				LD_RUNPATH_SEARCH_PATHS = (
					"$(inherited)",
					"@executable_path/Frameworks",
				);
				PRODUCT_BUNDLE_IDENTIFIER = com.kadirince.Calorie;
				PRODUCT_NAME = "$(TARGET_NAME)";
				SWIFT_VERSION = 5.0;
				TARGETED_DEVICE_FAMILY = "1,2";
			};
			name = Debug;
		};
		5455950C24FD318200C00229 /* Release */ = {
			isa = XCBuildConfiguration;
			buildSettings = {
				ASSETCATALOG_COMPILER_APPICON_NAME = AppIcon;
				ASSETCATALOG_COMPILER_GLOBAL_ACCENT_COLOR_NAME = AccentColor;
				CODE_SIGN_STYLE = Automatic;
				DEVELOPMENT_ASSET_PATHS = "\"Calorie/Preview Content\"";
				ENABLE_PREVIEWS = YES;
				INFOPLIST_FILE = Calorie/Info.plist;
				IPHONEOS_DEPLOYMENT_TARGET = 14.0;
				LD_RUNPATH_SEARCH_PATHS = (
					"$(inherited)",
					"@executable_path/Frameworks",
				);
				PRODUCT_BUNDLE_IDENTIFIER = com.kadirince.Calorie;
				PRODUCT_NAME = "$(TARGET_NAME)";
				SWIFT_VERSION = 5.0;
				TARGETED_DEVICE_FAMILY = "1,2";
			};
			name = Release;
		};
/* End XCBuildConfiguration section */

/* Begin XCConfigurationList section */
		545594F624FD318000C00229 /* Build configuration list for PBXProject "Calorie" */ = {
			isa = XCConfigurationList;
			buildConfigurations = (
				5455950824FD318200C00229 /* Debug */,
				5455950924FD318200C00229 /* Release */,
			);
			defaultConfigurationIsVisible = 0;
			defaultConfigurationName = Release;
		};
		5455950A24FD318200C00229 /* Build configuration list for PBXNativeTarget "Calorie" */ = {
			isa = XCConfigurationList;
			buildConfigurations = (
				5455950B24FD318200C00229 /* Debug */,
				5455950C24FD318200C00229 /* Release */,
			);
			defaultConfigurationIsVisible = 0;
			defaultConfigurationName = Release;
		};
/* End XCConfigurationList section */
	};
	rootObject = 545594F324FD318000C00229 /* Project object */;
}
